PODS:
  - AFNetworking (3.1.0):
    - AFNetworking/NSURLSession (= 3.1.0)
    - AFNetworking/Reachability (= 3.1.0)
    - AFNetworking/Security (= 3.1.0)
    - AFNetworking/Serialization (= 3.1.0)
    - AFNetworking/UIKit (= 3.1.0)
  - AFNetworking/NSURLSession (3.1.0):
    - AFNetworking/Reachability
    - AFNetworking/Security
    - AFNetworking/Serialization
  - AFNetworking/Reachability (3.1.0)
  - AFNetworking/Security (3.1.0)
  - AFNetworking/Serialization (3.1.0)
  - AFNetworking/UIKit (3.1.0):
    - AFNetworking/NSURLSession
  - Masonry (1.0.2)
  - MBProgressHUD (1.0.0)
  - MJRefresh (3.1.12)
  - React/Core (0.42.3):
    - React/cxxreact
    - Yoga (= 0.42.3.React)
  - React/cxxreact (0.42.3):
    - React/jschelpers
  - React/jschelpers (0.42.3)
  - React/RCTImage (0.42.3):
    - React/Core
    - React/RCTNetwork
  - React/RCTNetwork (0.42.3):
    - React/Core
  - React/RCTText (0.42.3):
    - React/Core
  - React/RCTWebSocket (0.42.3):
    - React/Core
  - UMengAnalytics-NO-IDFA (4.2.5)
  - Yoga (0.42.3.React)
  - YTKNetwork (2.0.3):
    - AFNetworking (~> 3.0)
  - YYModel (1.0.4)

DEPENDENCIES:
  - AFNetworking
  - Masonry (~> 1.0.1)
  - MBProgressHUD
  - MJRefresh (~> 3.1.12)
  - React/Core (from `./RNComponent/node_modules/react-native`)
  - React/RCTImage (from `./RNComponent/node_modules/react-native`)
  - React/RCTNetwork (from `./RNComponent/node_modules/react-native`)
  - React/RCTText (from `./RNComponent/node_modules/react-native`)
  - React/RCTWebSocket (from `./RNComponent/node_modules/react-native`)
  - UMengAnalytics-NO-IDFA
  - Yoga (from `./RNComponent/node_modules/react-native/ReactCommon/yoga`)
  - YTKNetwork
  - YYModel

EXTERNAL SOURCES:
  React:
    :path: "./RNComponent/node_modules/react-native"
  Yoga:
    :path: "./RNComponent/node_modules/react-native/ReactCommon/yoga"

SPEC CHECKSUMS:
  AFNetworking: 5e0e199f73d8626b11e79750991f5d173d1f8b67
  Masonry: 7c429b56da9d4ee0bbb3ed77a5ea710d6a5df39e
  MBProgressHUD: 4890f671c94e8a0f3cf959aa731e9de2f036d71a
  MJRefresh: b96cdb21c4aa75a7b07654311ab2f315c497e806
  React: 35e039680feacd0563677d49ba410112d2748559
  UMengAnalytics-NO-IDFA: 16666e32edce5be44ae5b14aaaa7f3582e09d6ab
  Yoga: 86ce777665c8259b94ef8dbea76b84634237f4ea
  YTKNetwork: c4b0c29c9d639dc050d475de69ee626d53eac598
  YYModel: 2a7fdd96aaa4b86a824e26d0c517de8928c04b30

PODFILE CHECKSUM: 3e9d389244e3d12d13ab56f06f478be4f3ec2e39

COCOAPODS: 1.2.0
